
Microsoft Visual Studio Solution File, Format Version 12.00
# Visual Studio Version 17
VisualStudioVersion = 17.9.34728.123
MinimumVisualStudioVersion = 10.0.40219.1
Project("{9A19103F-16F7-4668-BE54-9A1E7A4F7556}") = "AmbHelper", "AmbHelper\AmbHelper.csproj", "{376404B3-917C-4FE4-A8C7-A5ED05A8DD24}"
EndProject
Project("{9A19103F-16F7-4668-BE54-9A1E7A4F7556}") = "EPPlus", "EPPlus\EPPlus\EPPlus.csproj", "{0F4D6629-2880-472C-8520-9FF170269AA3}"
EndProject
Project("{9A19103F-16F7-4668-BE54-9A1E7A4F7556}") = "ImportJobTitles", "ImportJobTitles\ImportJobTitles.csproj", "{57924805-4AF9-45A3-A710-CC294BD1FCC1}"
EndProject
Project("{9A19103F-16F7-4668-BE54-9A1E7A4F7556}") = "ImportLocationsFromWeb", "ImportLocationsFromWeb\ImportLocationsFromWeb.csproj", "{7D7BBEBA-BD43-4579-A831-C54A7D6EC0C6}"
EndProject
Project("{9A19103F-16F7-4668-BE54-9A1E7A4F7556}") = "DownloadFilesFromGeoNames", "DownloadFilesFromGeoNames\DownloadFilesFromGeoNames.csproj", "{BD95B071-B757-404B-B76E-3DD6D823CE37}"
EndProject
Project("{FAE04EC0-301F-11D3-BF4B-00C04F79EFBC}") = "ImportGeographicLocationsFromGeoNames", "ImportGeographicLocationsFromGeoNames\ImportGeographicLocationsFromGeoNames.csproj", "{EF1171F3-DA3F-459C-92C7-32DDDAFB0340}"
EndProject
Global
	GlobalSection(SolutionConfigurationPlatforms) = preSolution
		Debug|Any CPU = Debug|Any CPU
		Release|Any CPU = Release|Any CPU
	EndGlobalSection
	GlobalSection(ProjectConfigurationPlatforms) = postSolution
		{376404B3-917C-4FE4-A8C7-A5ED05A8DD24}.Debug|Any CPU.ActiveCfg = Debug|Any CPU
		{376404B3-917C-4FE4-A8C7-A5ED05A8DD24}.Debug|Any CPU.Build.0 = Debug|Any CPU
		{376404B3-917C-4FE4-A8C7-A5ED05A8DD24}.Release|Any CPU.ActiveCfg = Release|Any CPU
		{376404B3-917C-4FE4-A8C7-A5ED05A8DD24}.Release|Any CPU.Build.0 = Release|Any CPU
		{0F4D6629-2880-472C-8520-9FF170269AA3}.Debug|Any CPU.ActiveCfg = Debug|Any CPU
		{0F4D6629-2880-472C-8520-9FF170269AA3}.Debug|Any CPU.Build.0 = Debug|Any CPU
		{0F4D6629-2880-472C-8520-9FF170269AA3}.Release|Any CPU.ActiveCfg = Release|Any CPU
		{0F4D6629-2880-472C-8520-9FF170269AA3}.Release|Any CPU.Build.0 = Release|Any CPU
		{57924805-4AF9-45A3-A710-CC294BD1FCC1}.Debug|Any CPU.ActiveCfg = Debug|Any CPU
		{57924805-4AF9-45A3-A710-CC294BD1FCC1}.Debug|Any CPU.Build.0 = Debug|Any CPU
		{57924805-4AF9-45A3-A710-CC294BD1FCC1}.Release|Any CPU.ActiveCfg = Release|Any CPU
		{57924805-4AF9-45A3-A710-CC294BD1FCC1}.Release|Any CPU.Build.0 = Release|Any CPU
		{7D7BBEBA-BD43-4579-A831-C54A7D6EC0C6}.Debug|Any CPU.ActiveCfg = Debug|Any CPU
		{7D7BBEBA-BD43-4579-A831-C54A7D6EC0C6}.Debug|Any CPU.Build.0 = Debug|Any CPU
		{7D7BBEBA-BD43-4579-A831-C54A7D6EC0C6}.Release|Any CPU.ActiveCfg = Release|Any CPU
		{7D7BBEBA-BD43-4579-A831-C54A7D6EC0C6}.Release|Any CPU.Build.0 = Release|Any CPU
		{BD95B071-B757-404B-B76E-3DD6D823CE37}.Debug|Any CPU.ActiveCfg = Debug|Any CPU
		{BD95B071-B757-404B-B76E-3DD6D823CE37}.Debug|Any CPU.Build.0 = Debug|Any CPU
		{BD95B071-B757-404B-B76E-3DD6D823CE37}.Release|Any CPU.ActiveCfg = Release|Any CPU
		{BD95B071-B757-404B-B76E-3DD6D823CE37}.Release|Any CPU.Build.0 = Release|Any CPU
		{EF1171F3-DA3F-459C-92C7-32DDDAFB0340}.Debug|Any CPU.ActiveCfg = Debug|Any CPU
		{EF1171F3-DA3F-459C-92C7-32DDDAFB0340}.Debug|Any CPU.Build.0 = Debug|Any CPU
		{EF1171F3-DA3F-459C-92C7-32DDDAFB0340}.Release|Any CPU.ActiveCfg = Release|Any CPU
		{EF1171F3-DA3F-459C-92C7-32DDDAFB0340}.Release|Any CPU.Build.0 = Release|Any CPU
	EndGlobalSection
	GlobalSection(SolutionProperties) = preSolution
		HideSolutionNode = FALSE
	EndGlobalSection
	GlobalSection(ExtensibilityGlobals) = postSolution
		SolutionGuid = {73304203-A66F-4D23-8C98-6C286793B42D}
	EndGlobalSection
EndGlobal
